{
  "version": 1,
  "dependencies": {
    "net9.0": {
      "movement.application": {
        "type": "Project",
        "dependencies": {
          "Movement.Domain": "[1.0.0, )",
          "Shared": "[1.0.0, )"
        }
      },
      "movement.domain": {
        "type": "Project",
        "dependencies": {
          "Shared": "[1.0.0, )"
        }
      },
      "shared": {
        "type": "Project"
      }
    }
  }
}