{
  "version": 1,
  "dependencies": {
    "net9.0": {
      "Microsoft.AspNetCore.OpenApi": {
        "type": "Direct",
        "requested": "[9.0.11, )",
        "resolved": "9.0.11",
        "contentHash": "rTa3lp6B8KM8AESIwLakTT6XaoUBTnjAZq2pRX6zS/BzQy6mOVUgaawRSyM0WHykHdwbfrEAmer3ys2xE4DVtg==",
        "dependencies": {
          "Microsoft.OpenApi": "1.6.17"
        }
      },
      "Microsoft.OpenApi": {
        "type": "Transitive",
        "resolved": "1.6.17",
        "contentHash": "Le+kehlmrlQfuDFUt1zZ2dVwrhFQtKREdKBo+rexOwaCoYP0/qpgT9tLxCsZjsgR5Itk1UKPcbgO+FyaNid/bA=="
      },
      "movement.application": {
        "type": "Project",
        "dependencies": {
          "Movement.Domain": "[1.0.0, )",
          "Shared": "[1.0.0, )"
        }
      },
      "movement.backgroundservices": {
        "type": "Project",
        "dependencies": {
          "Shared": "[1.0.0, )"
        }
      },
      "movement.contracts": {
        "type": "Project",
        "dependencies": {
          "Shared": "[1.0.0, )"
        }
      },
      "movement.domain": {
        "type": "Project",
        "dependencies": {
          "Shared": "[1.0.0, )"
        }
      },
      "movement.mappings": {
        "type": "Project",
        "dependencies": {
          "Movement.Application": "[1.0.0, )",
          "Movement.Contracts": "[1.0.0, )",
          "Movement.Domain": "[1.0.0, )",
          "Shared": "[1.0.0, )"
        }
      },
      "shared": {
        "type": "Project"
      }
    }
  }
}